<?xml version="1.0" encoding="utf-8"?>
<Project ToolsVersion="4.0" xmlns="http://schemas.microsoft.com/developer/msbuild/2003">
  <ItemGroup>
    <Filter Include="Source Files">
      <UniqueIdentifier>{4FC737F1-C7A5-4376-A066-2A32D752A2FF}</UniqueIdentifier>
      <Extensions>cpp;c;cc;cxx;def;odl;idl;hpj;bat;asm;asmx</Extensions>
    </Filter>
    <Filter Include="Header Files">
      <UniqueIdentifier>{93995380-89BD-4b04-88EB-625FBE52EBFB}</UniqueIdentifier>
      <Extensions>h;hh;hpp;hxx;hm;inl;inc;xsd</Extensions>
    </Filter>
    <Filter Include="Resource Files">
      <UniqueIdentifier>{67DA6AB6-F800-4c08-8B7A-83BB121AAD01}</UniqueIdentifier>
      <Extensions>rc;ico;cur;bmp;dlg;rc2;rct;bin;rgs;gif;jpg;jpeg;jpe;resx;tiff;tif;png;wav;mfcribbon-ms</Extensions>
    </Filter>
    <Filter Include="Content Files">
      <UniqueIdentifier>{01052215-7523-4965-b49e-2e3166d853ae}</UniqueIdentifier>
    </Filter>
    <Filter Include="Content Files\Scene Files">
      <UniqueIdentifier>{cc98bc91-ba6b-4b92-9089-42dd0af148e0}</UniqueIdentifier>
    </Filter>
    <Filter Include="Content Files\Shaders">
      <UniqueIdentifier>{6a2deb7b-d244-4021-b408-53c20b34a014}</UniqueIdentifier>
    </Filter>
    <Filter Include="Content Files\Textures">
      <UniqueIdentifier>{4bf503ea-38e3-4045-b5f3-e190bdbe9c23}</UniqueIdentifier>
    </Filter>
    <Filter Include="Source Files\SceneObj">
      <UniqueIdentifier>{f15b7efd-0dff-4690-84fc-9292b19098eb}</UniqueIdentifier>
    </Filter>
    <Filter Include="Source Files\Shaders">
      <UniqueIdentifier>{0afdfb7e-4a1d-4a11-a63e-9cd3742a3726}</UniqueIdentifier>
    </Filter>
    <Filter Include="Source Files\Textures">
      <UniqueIdentifier>{15389d16-2ed1-40d9-9d27-d54df768e222}</UniqueIdentifier>
    </Filter>
  </ItemGroup>
  <ItemGroup>
    <ClCompile Include="OGLES2HairResearch.cpp">
      <Filter>Source Files</Filter>
    </ClCompile>
    <ClCompile Include="..\..\Shell\API\KEGL\PVRShellAPI.cpp">
      <Filter>Source Files</Filter>
    </ClCompile>
    <ClCompile Include="..\..\Shell\PVRShell.cpp">
      <Filter>Source Files</Filter>
    </ClCompile>
    <ClCompile Include="..\..\Shell\OS\Windows\PVRShellOS.cpp">
      <Filter>Source Files</Filter>
    </ClCompile>
    <ClCompile Include="Content\Hair_diff_whiteTex.cpp">
      <Filter>Source Files\Textures</Filter>
    </ClCompile>
    <ClCompile Include="Content\Hair_flow_t2Tex.cpp">
      <Filter>Source Files\Textures</Filter>
    </ClCompile>
    <ClCompile Include="Content\Hair_nmTex.cpp">
      <Filter>Source Files\Textures</Filter>
    </ClCompile>
    <ClCompile Include="Content\Head_diffTex.cpp">
      <Filter>Source Files\Textures</Filter>
    </ClCompile>
    <ClCompile Include="Content\BlinnPhongFragShader.cpp">
      <Filter>Source Files\Shaders</Filter>
    </ClCompile>
    <ClCompile Include="Content\BlinnPhongVertShader.cpp">
      <Filter>Source Files\Shaders</Filter>
    </ClCompile>
    <ClCompile Include="Content\DefaultFragShader.cpp">
      <Filter>Source Files\Shaders</Filter>
    </ClCompile>
    <ClCompile Include="Content\DefaultVertShader.cpp">
      <Filter>Source Files\Shaders</Filter>
    </ClCompile>
    <ClCompile Include="Content\Ball.cpp">
      <Filter>Source Files\SceneObj</Filter>
    </ClCompile>
    <ClCompile Include="Content\HairModel.cpp">
      <Filter>Source Files\SceneObj</Filter>
    </ClCompile>
    <ClCompile Include="Content\HeadModel.cpp">
      <Filter>Source Files\SceneObj</Filter>
    </ClCompile>
  </ItemGroup>
  <ItemGroup>
    <ResourceCompile Include="..\..\Resources\shared.rc">
      <Filter>Resource Files</Filter>
    </ResourceCompile>
  </ItemGroup>
  <ItemGroup>
    <ClInclude Include="..\..\Resources\resource.h">
      <Filter>Header Files</Filter>
    </ClInclude>
    <ClInclude Include="..\..\Shell\PVRShell.h">
      <Filter>Header Files</Filter>
    </ClInclude>
    <ClInclude Include="..\..\Shell\PVRShellImpl.h">
      <Filter>Header Files</Filter>
    </ClInclude>
    <ClInclude Include="..\..\Shell\OS\Windows\PVRShellOS.h">
      <Filter>Header Files</Filter>
    </ClInclude>
    <ClInclude Include="..\..\Shell\API\KEGL\PVRShellAPI.h">
      <Filter>Header Files</Filter>
    </ClInclude>
  </ItemGroup>
  <ItemGroup>
    <None Include="Resources\Hair_diff_whiteTex.pvr">
      <Filter>Content Files\Textures</Filter>
    </None>
    <None Include="Resources\Hair_flow_t2Tex.pvr">
      <Filter>Content Files\Textures</Filter>
    </None>
    <None Include="Resources\Hair_nmTex.pvr">
      <Filter>Content Files\Textures</Filter>
    </None>
    <None Include="Resources\Head_diffTex.pvr">
      <Filter>Content Files\Textures</Filter>
    </None>
    <None Include="Resources\BlinnPhongFragShader.fsh">
      <Filter>Content Files\Shaders</Filter>
    </None>
    <None Include="Resources\DefaultFragShader.fsh">
      <Filter>Content Files\Shaders</Filter>
    </None>
    <None Include="Resources\BlinnPhongVertShader.vsh">
      <Filter>Content Files\Shaders</Filter>
    </None>
    <None Include="Resources\DefaultVertShader.vsh">
      <Filter>Content Files\Shaders</Filter>
    </None>
    <None Include="Resources\Ball.pod">
      <Filter>Content Files\Scene Files</Filter>
    </None>
    <None Include="Resources\HairModel.pod">
      <Filter>Content Files\Scene Files</Filter>
    </None>
    <None Include="Resources\HeadModel.pod">
      <Filter>Content Files\Scene Files</Filter>
    </None>
  </ItemGroup>
</Project>